schema: '2.0'
stages:
  augment_data:
    cmd: python src/augment_data.py data/augmented_only_train.csv
    deps:
    - path: data/sampled_train.csv
      hash: md5
      md5: 2465d36076567e411d93056dce0e3c1d
      size: 11110040
    - path: src/augment_data.py
      hash: md5
      md5: 64af344117ad500e2021f77afec642aa
      size: 2596
    outs:
    - path: data/augmented_only_train.csv
      hash: md5
      md5: d60cfe6c959aed552b6bb701cb9fb74b
      size: 60071449
